github.com/google/uuid v1.6.0 h1:NIvaJDMOsjHA8n1jAhLSgzrAzy1Hgr+hNrb57e+94F0=
github.com/google/uuid v1.6.0/go.mod h1:TIyPZe4MgqvfeYDBFedMoGGpEw/LqOeaOT+nhxU+yHo=
github.com/thejerf/suture/v4 v4.0.6 h1:QsuCEsCqb03xF9tPAsWAj8QOAJBgQI1c0VqJNaingg8=
github.com/thejerf/suture/v4 v4.0.6/go.mod h1:gu9Y4dXNUWFrByqRt30Rm9/UZ0wzRSt9AJS6xu/ZGxU=
